
Microsoft Visual Studio Solution File, Format Version 12.00
# Visual Studio Version 17
VisualStudioVersion = 17.9.34723.18
MinimumVisualStudioVersion = 10.0.40219.1
Project("{FAE04EC0-301F-11D3-BF4B-00C04F79EFBC}") = "RadMedics", "RadMedics\RadMedics.csproj", "{4BC67445-470A-4E8E-B348-B6958BC393C5}"
EndProject
Global
	GlobalSection(SolutionConfigurationPlatforms) = preSolution
		Debug|Any CPU = Debug|Any CPU
		Release|Any CPU = Release|Any CPU
	EndGlobalSection
	GlobalSection(ProjectConfigurationPlatforms) = postSolution
		{4BC67445-470A-4E8E-B348-B6958BC393C5}.Debug|Any CPU.ActiveCfg = Debug|Any CPU
		{4BC67445-470A-4E8E-B348-B6958BC393C5}.Debug|Any CPU.Build.0 = Debug|Any CPU
		{4BC67445-470A-4E8E-B348-B6958BC393C5}.Release|Any CPU.ActiveCfg = Release|Any CPU
		{4BC67445-470A-4E8E-B348-B6958BC393C5}.Release|Any CPU.Build.0 = Release|Any CPU
	EndGlobalSection
	GlobalSection(SolutionProperties) = preSolution
		HideSolutionNode = FALSE
	EndGlobalSection
	GlobalSection(ExtensibilityGlobals) = postSolution
		SolutionGuid = {A10AE3D7-2E43-4094-B304-A915FE5DB526}
	EndGlobalSection
EndGlobal
